# This file is generated by running "yarn install" inside your project.
# Manual changes might be lost - proceed with caution!

__metadata:
  version: 8
  cacheKey: 10c0

"zenn-cli@npm:^0.2.0":
  version: 0.2.6
  resolution: "zenn-cli@npm:0.2.6"
  bin:
    zenn: dist/server/zenn.js
  checksum: 10c0/b28a7e9639ab2ca83deb38d1d6784007d69f9e94d7f990674d2a11b0782504f67f71bf72424f540ab1f21176ec7a5c3348a7e99017a89effe31b61307436e6a7
  languageName: node
  linkType: hard

"zenn.dev@workspace:.":
  version: 0.0.0-use.local
  resolution: "zenn.dev@workspace:."
  dependencies:
    zenn-cli: "npm:^0.2.0"
  languageName: unknown
  linkType: soft
