# This file is generated by running "yarn install" inside your project.
# Manual changes might be lost - proceed with caution!

__metadata:
  version: 8
  cacheKey: 10c0

"zenn-cli@npm:^0.2.0":
  version: 0.2.8
  resolution: "zenn-cli@npm:0.2.8"
  bin:
    zenn: dist/server/zenn.js
  checksum: 10c0/4e37d3bed9e8383239574b5cd11a90ebbb3da8b90d5cb3dbbd0c6746f211019889985bfd9013f7c49bcf7bdd7425bd367eb8ce445642937bbfd5b28a9804ab74
  languageName: node
  linkType: hard

"zenn.dev@workspace:.":
  version: 0.0.0-use.local
  resolution: "zenn.dev@workspace:."
  dependencies:
    zenn-cli: "npm:^0.2.0"
  languageName: unknown
  linkType: soft
