# This file is generated by running "yarn install" inside your project.
# Manual changes might be lost - proceed with caution!

__metadata:
  version: 8
  cacheKey: 10c0

"zenn-cli@npm:^0.2.0":
  version: 0.2.4
  resolution: "zenn-cli@npm:0.2.4"
  bin:
    zenn: dist/server/zenn.js
  checksum: 10c0/e9a95142a181ec69e9aab2cd012217fe436b9931802fdf557c4f3b91ff5c9d55d0459e7088186113be7e6be5cc2dc5780afb53e3e4cab413e0d2d1548d8de11e
  languageName: node
  linkType: hard

"zenn.dev@workspace:.":
  version: 0.0.0-use.local
  resolution: "zenn.dev@workspace:."
  dependencies:
    zenn-cli: "npm:^0.2.0"
  languageName: unknown
  linkType: soft
